
Microsoft Visual Studio Solution File, Format Version 12.00
# Visual Studio Version 17
VisualStudioVersion = 17.6.33829.357
MinimumVisualStudioVersion = 10.0.40219.1
Project("{FAE04EC0-301F-11D3-BF4B-00C04F79EFBC}") = "myfinance-web-dotnet", "myfinance-web-dotnet.csproj", "{32A6EB87-BBD4-4311-BEE1-4F5BC1274A3B}"
EndProject
Global
	GlobalSection(SolutionConfigurationPlatforms) = preSolution
		Debug|Any CPU = Debug|Any CPU
		Release|Any CPU = Release|Any CPU
	EndGlobalSection
	GlobalSection(ProjectConfigurationPlatforms) = postSolution
		{32A6EB87-BBD4-4311-BEE1-4F5BC1274A3B}.Debug|Any CPU.ActiveCfg = Debug|Any CPU
		{32A6EB87-BBD4-4311-BEE1-4F5BC1274A3B}.Debug|Any CPU.Build.0 = Debug|Any CPU
		{32A6EB87-BBD4-4311-BEE1-4F5BC1274A3B}.Release|Any CPU.ActiveCfg = Release|Any CPU
		{32A6EB87-BBD4-4311-BEE1-4F5BC1274A3B}.Release|Any CPU.Build.0 = Release|Any CPU
	EndGlobalSection
	GlobalSection(SolutionProperties) = preSolution
		HideSolutionNode = FALSE
	EndGlobalSection
	GlobalSection(ExtensibilityGlobals) = postSolution
		SolutionGuid = {0CAACBD0-4E16-455B-ADC7-11FDE07F736A}
	EndGlobalSection
EndGlobal
